
Microsoft Visual Studio Solution File, Format Version 12.00
# Visual Studio Version 17
VisualStudioVersion = 17.0.31903.59
MinimumVisualStudioVersion = 10.0.40219.1
Project("{9A19103F-16F7-4668-BE54-9A1E7A4F7556}") = "CodeMonkeys.CMS.Public", "CodeMonkeys.CMS.Public\CodeMonkeys.CMS.Public.csproj", "{AE46A29B-DD1A-4495-82B0-77A2BC90D25B}"
EndProject
Project("{9A19103F-16F7-4668-BE54-9A1E7A4F7556}") = "CodeMonkeys.CMS.Public.Backend", "CodeMonkeys.CMS.Public.Backend\CodeMonkeys.CMS.Public.Backend.csproj", "{AB2170AE-F52C-49C1-B45A-F0CBDE9681C8}"
EndProject
Project("{9A19103F-16F7-4668-BE54-9A1E7A4F7556}") = "CodeMonkeys.CMS.Public.Shared", "CodeMonkeys.CMS.Public.Shared\CodeMonkeys.CMS.Public.Shared.csproj", "{544344E4-592F-44C1-8977-A2659B97BF76}"
EndProject
Global
	GlobalSection(SolutionConfigurationPlatforms) = preSolution
		Debug|Any CPU = Debug|Any CPU
		Release|Any CPU = Release|Any CPU
	EndGlobalSection
	GlobalSection(ProjectConfigurationPlatforms) = postSolution
		{AE46A29B-DD1A-4495-82B0-77A2BC90D25B}.Debug|Any CPU.ActiveCfg = Debug|Any CPU
		{AE46A29B-DD1A-4495-82B0-77A2BC90D25B}.Debug|Any CPU.Build.0 = Debug|Any CPU
		{AE46A29B-DD1A-4495-82B0-77A2BC90D25B}.Release|Any CPU.ActiveCfg = Release|Any CPU
		{AE46A29B-DD1A-4495-82B0-77A2BC90D25B}.Release|Any CPU.Build.0 = Release|Any CPU
		{AB2170AE-F52C-49C1-B45A-F0CBDE9681C8}.Debug|Any CPU.ActiveCfg = Debug|Any CPU
		{AB2170AE-F52C-49C1-B45A-F0CBDE9681C8}.Debug|Any CPU.Build.0 = Debug|Any CPU
		{AB2170AE-F52C-49C1-B45A-F0CBDE9681C8}.Release|Any CPU.ActiveCfg = Release|Any CPU
		{AB2170AE-F52C-49C1-B45A-F0CBDE9681C8}.Release|Any CPU.Build.0 = Release|Any CPU
		{544344E4-592F-44C1-8977-A2659B97BF76}.Debug|Any CPU.ActiveCfg = Debug|Any CPU
		{544344E4-592F-44C1-8977-A2659B97BF76}.Debug|Any CPU.Build.0 = Debug|Any CPU
		{544344E4-592F-44C1-8977-A2659B97BF76}.Release|Any CPU.ActiveCfg = Release|Any CPU
		{544344E4-592F-44C1-8977-A2659B97BF76}.Release|Any CPU.Build.0 = Release|Any CPU
	EndGlobalSection
	GlobalSection(SolutionProperties) = preSolution
		HideSolutionNode = FALSE
	EndGlobalSection
	GlobalSection(ExtensibilityGlobals) = postSolution
		SolutionGuid = {79F5A04A-68CC-45F7-B09A-D8522850FDC9}
	EndGlobalSection
EndGlobal
